// !$*UTF8*$!
{
	archiveVersion = 1;
	classes = {
	};
	objectVersion = 48;
	objects = {

/* Begin PBXBuildFile section */
		81B27FD6202B262F00990CD1 /* AppDelegate.swift in Sources */ = {isa = PBXBuildFile; fileRef = 81B27FD5202B262F00990CD1 /* AppDelegate.swift */; };
		81B27FD8202B262F00990CD1 /* ViewController.swift in Sources */ = {isa = PBXBuildFile; fileRef = 81B27FD7202B262F00990CD1 /* ViewController.swift */; };
		81B27FDB202B262F00990CD1 /* Main.storyboard in Resources */ = {isa = PBXBuildFile; fileRef = 81B27FD9202B262F00990CD1 /* Main.storyboard */; };
		81B27FDE202B262F00990CD1 /* testOnGit.xcdatamodeld in Sources */ = {isa = PBXBuildFile; fileRef = 81B27FDC202B262F00990CD1 /* testOnGit.xcdatamodeld */; };
		81B27FE0202B262F00990CD1 /* Assets.xcassets in Resources */ = {isa = PBXBuildFile; fileRef = 81B27FDF202B262F00990CD1 /* Assets.xcassets */; };
		81B27FE3202B262F00990CD1 /* LaunchScreen.storyboard in Resources */ = {isa = PBXBuildFile; fileRef = 81B27FE1202B262F00990CD1 /* LaunchScreen.storyboard */; };
/* End PBXBuildFile section */

/* Begin PBXFileReference section */
		81B27FD2202B262F00990CD1 /* testOnGit.app */ = {isa = PBXFileReference; explicitFileType = wrapper.application; includeInIndex = 0; path = testOnGit.app; sourceTree = BUILT_PRODUCTS_DIR; };
		81B27FD5202B262F00990CD1 /* AppDelegate.swift */ = {isa = PBXFileReference; lastKnownFileType = sourcecode.swift; path = AppDelegate.swift; sourceTree = "<group>"; };
		81B27FD7202B262F00990CD1 /* ViewController.swift */ = {isa = PBXFileReference; lastKnownFileType = sourcecode.swift; path = ViewController.swift; sourceTree = "<group>"; };
		81B27FDA202B262F00990CD1 /* Base */ = {isa = PBXFileReference; lastKnownFileType = file.storyboard; name = Base; path = Base.lproj/Main.storyboard; sourceTree = "<group>"; };
		81B27FDD202B262F00990CD1 /* testOnGit.xcdatamodel */ = {isa = PBXFileReference; lastKnownFileType = wrapper.xcdatamodel; path = testOnGit.xcdatamodel; sourceTree = "<group>"; };
		81B27FDF202B262F00990CD1 /* Assets.xcassets */ = {isa = PBXFileReference; lastKnownFileType = folder.assetcatalog; path = Assets.xcassets; sourceTree = "<group>"; };
		81B27FE2202B262F00990CD1 /* Base */ = {isa = PBXFileReference; lastKnownFileType = file.storyboard; name = Base; path = Base.lproj/LaunchScreen.storyboard; sourceTree = "<group>"; };
		81B27FE4202B263000990CD1 /* Info.plist */ = {isa = PBXFileReference; lastKnownFileType = text.plist.xml; path = Info.plist; sourceTree = "<group>"; };
/* End PBXFileReference section */

/* Begin PBXFrameworksBuildPhase section */
		81B27FCF202B262F00990CD1 /* Frameworks */ = {
			isa = PBXFrameworksBuildPhase;
			buildActionMask = 2147483647;
			files = (
			);
			runOnlyForDeploymentPostprocessing = 0;
		};
/* End PBXFrameworksBuildPhase section */

/* Begin PBXGroup section */
		81B27FC9202B262F00990CD1 = {
			isa = PBXGroup;
			children = (
				81B27FD4202B262F00990CD1 /* testOnGit */,
				81B27FD3202B262F00990CD1 /* Products */,
			);
			sourceTree = "<group>";
		};
		81B27FD3202B262F00990CD1 /* Products */ = {
			isa = PBXGroup;
			children = (
				81B27FD2202B262F00990CD1 /* testOnGit.app */,
			);
			name = Products;
			sourceTree = "<group>";
		};
		81B27FD4202B262F00990CD1 /* testOnGit */ = {
			isa = PBXGroup;
			children = (
				81B27FD5202B262F00990CD1 /* AppDelegate.swift */,
				81B27FD7202B262F00990CD1 /* ViewController.swift */,
				81B27FD9202B262F00990CD1 /* Main.storyboard */,
				81B27FDF202B262F00990CD1 /* Assets.xcassets */,
				81B27FE1202B262F00990CD1 /* LaunchScreen.storyboard */,
				81B27FE4202B263000990CD1 /* Info.plist */,
				81B27FDC202B262F00990CD1 /* testOnGit.xcdatamodeld */,
			);
			path = testOnGit;
			sourceTree = "<group>";
		};
/* End PBXGroup section */

/* Begin PBXNativeTarget section */
		81B27FD1202B262F00990CD1 /* testOnGit */ = {
			isa = PBXNativeTarget;
			buildConfigurationList = 81B27FE7202B263000990CD1 /* Build configuration list for PBXNativeTarget "testOnGit" */;
			buildPhases = (
				81B27FCE202B262F00990CD1 /* Sources */,
				81B27FCF202B262F00990CD1 /* Frameworks */,
				81B27FD0202B262F00990CD1 /* Resources */,
			);
			buildRules = (
			);
			dependencies = (
			);
			name = testOnGit;
			productName = testOnGit;
			productReference = 81B27FD2202B262F00990CD1 /* testOnGit.app */;
			productType = "com.apple.product-type.application";
		};
/* End PBXNativeTarget section */

/* Begin PBXProject section */
		81B27FCA202B262F00990CD1 /* Project object */ = {
			isa = PBXProject;
			attributes = {
				LastSwiftUpdateCheck = 0920;
				LastUpgradeCheck = 0920;
				ORGANIZATIONNAME = sarahwu2;
				TargetAttributes = {
					81B27FD1202B262F00990CD1 = {
						CreatedOnToolsVersion = 9.2;
						ProvisioningStyle = Automatic;
					};
				};
			};
			buildConfigurationList = 81B27FCD202B262F00990CD1 /* Build configuration list for PBXProject "testOnGit" */;
			compatibilityVersion = "Xcode 8.0";
			developmentRegion = en;
			hasScannedForEncodings = 0;
			knownRegions = (
				en,
				Base,
			);
			mainGroup = 81B27FC9202B262F00990CD1;
			productRefGroup = 81B27FD3202B262F00990CD1 /* Products */;
			projectDirPath = "";
			projectRoot = "";
			targets = (
				81B27FD1202B262F00990CD1 /* testOnGit */,
			);
		};
/* End PBXProject section */

/* Begin PBXResourcesBuildPhase section */
		81B27FD0202B262F00990CD1 /* Resources */ = {
			isa = PBXResourcesBuildPhase;
			buildActionMask = 2147483647;
			files = (
				81B27FE3202B262F00990CD1 /* LaunchScreen.storyboard in Resources */,
				81B27FE0202B262F00990CD1 /* Assets.xcassets in Resources */,
				81B27FDB202B262F00990CD1 /* Main.storyboard in Resources */,
			);
			runOnlyForDeploymentPostprocessing = 0;
		};
/* End PBXResourcesBuildPhase section */

/* Begin PBXSourcesBuildPhase section */
		81B27FCE202B262F00990CD1 /* Sources */ = {
			isa = PBXSourcesBuildPhase;
			buildActionMask = 2147483647;
			files = (
				81B27FD8202B262F00990CD1 /* ViewController.swift in Sources */,
				81B27FDE202B262F00990CD1 /* testOnGit.xcdatamodeld in Sources */,
				81B27FD6202B262F00990CD1 /* AppDelegate.swift in Sources */,
			);
			runOnlyForDeploymentPostprocessing = 0;
		};
/* End PBXSourcesBuildPhase section */

/* Begin PBXVariantGroup section */
		81B27FD9202B262F00990CD1 /* Main.storyboard */ = {
			isa = PBXVariantGroup;
			children = (
				81B27FDA202B262F00990CD1 /* Base */,
			);
			name = Main.storyboard;
			sourceTree = "<group>";
		};
		81B27FE1202B262F00990CD1 /* LaunchScreen.storyboard */ = {
			isa = PBXVariantGroup;
			children = (
				81B27FE2202B262F00990CD1 /* Base */,
			);
			name = LaunchScreen.storyboard;
			sourceTree = "<group>";
		};
/* End PBXVariantGroup section */

/* Begin XCBuildConfiguration section */
		81B27FE5202B263000990CD1 /* Debug */ = {
			isa = XCBuildConfiguration;
			buildSettings = {
				ALWAYS_SEARCH_USER_PATHS = NO;
				CLANG_ANALYZER_NONNULL = YES;
				CLANG_ANALYZER_NUMBER_OBJECT_CONVERSION = YES_AGGRESSIVE;
				CLANG_CXX_LANGUAGE_STANDARD = "gnu++14";
				CLANG_CXX_LIBRARY = "libc++";
				CLANG_ENABLE_MODULES = YES;
				CLANG_ENABLE_OBJC_ARC = YES;
				CLANG_WARN_BLOCK_CAPTURE_AUTORELEASING = YES;
				CLANG_WARN_BOOL_CONVERSION = YES;
				CLANG_WARN_COMMA = YES;
				CLANG_WARN_CONSTANT_CONVERSION = YES;
				CLANG_WARN_DIRECT_OBJC_ISA_USAGE = YES_ERROR;
				CLANG_WARN_DOCUMENTATION_COMMENTS = YES;
				CLANG_WARN_EMPTY_BODY = YES;
				CLANG_WARN_ENUM_CONVERSION = YES;
				CLANG_WARN_INFINITE_RECURSION = YES;
				CLANG_WARN_INT_CONVERSION = YES;
				CLANG_WARN_NON_LITERAL_NULL_CONVERSION = YES;
				CLANG_WARN_OBJC_LITERAL_CONVERSION = YES;
				CLANG_WARN_OBJC_ROOT_CLASS = YES_ERROR;
				CLANG_WARN_RANGE_LOOP_ANALYSIS = YES;
				CLANG_WARN_STRICT_PROTOTYPES = YES;
				CLANG_WARN_SUSPICIOUS_MOVE = YES;
				CLANG_WARN_UNGUARDED_AVAILABILITY = YES_AGGRESSIVE;
				CLANG_WARN_UNREACHABLE_CODE = YES;
				CLANG_WARN__DUPLICATE_METHOD_MATCH = YES;
				CODE_SIGN_IDENTITY = "iPhone Developer";
				COPY_PHASE_STRIP = NO;
				DEBUG_INFORMATION_FORMAT = dwarf;
				ENABLE_STRICT_OBJC_MSGSEND = YES;
				ENABLE_TESTABILITY = YES;
				GCC_C_LANGUAGE_STANDARD = gnu11;
				GCC_DYNAMIC_NO_PIC = NO;
				GCC_NO_COMMON_BLOCKS = YES;
				GCC_OPTIMIZATION_LEVEL = 0;
				GCC_PREPROCESSOR_DEFINITIONS = (
					"DEBUG=1",
					"$(inherited)",
				);
				GCC_WARN_64_TO_32_BIT_CONVERSION = YES;
				GCC_WARN_ABOUT_RETURN_TYPE = YES_ERROR;
				GCC_WARN_UNDECLARED_SELECTOR = YES;
				GCC_WARN_UNINITIALIZED_AUTOS = YES_AGGRESSIVE;
				GCC_WARN_UNUSED_FUNCTION = YES;
				GCC_WARN_UNUSED_VARIABLE = YES;
				IPHONEOS_DEPLOYMENT_TARGET = 11.2;
				MTL_ENABLE_DEBUG_INFO = YES;
				ONLY_ACTIVE_ARCH = YES;
				SDKROOT = iphoneos;
				SWIFT_ACTIVE_COMPILATION_CONDITIONS = DEBUG;
				SWIFT_OPTIMIZATION_LEVEL = "-Onone";
			};
			name = Debug;
		};
		81B27FE6202B263000990CD1 /* Release */ = {
			isa = XCBuildConfiguration;
			buildSettings = {
				ALWAYS_SEARCH_USER_PATHS = NO;
				CLANG_ANALYZER_NONNULL = YES;
				CLANG_ANALYZER_NUMBER_OBJECT_CONVERSION = YES_AGGRESSIVE;
				CLANG_CXX_LANGUAGE_STANDARD = "gnu++14";
				CLANG_CXX_LIBRARY = "libc++";
				CLANG_ENABLE_MODULES = YES;
				CLANG_ENABLE_OBJC_ARC = YES;
				CLANG_WARN_BLOCK_CAPTURE_AUTORELEASING = YES;
				CLANG_WARN_BOOL_CONVERSION = YES;
				CLANG_WARN_COMMA = YES;
				CLANG_WARN_CONSTANT_CONVERSION = YES;
				CLANG_WARN_DIRECT_OBJC_ISA_USAGE = YES_ERROR;
				CLANG_WARN_DOCUMENTATION_COMMENTS = YES;
				CLANG_WARN_EMPTY_BODY = YES;
				CLANG_WARN_ENUM_CONVERSION = YES;
				CLANG_WARN_INFINITE_RECURSION = YES;
				CLANG_WARN_INT_CONVERSION = YES;
				CLANG_WARN_NON_LITERAL_NULL_CONVERSION = YES;
				CLANG_WARN_OBJC_LITERAL_CONVERSION = YES;
				CLANG_WARN_OBJC_ROOT_CLASS = YES_ERROR;
				CLANG_WARN_RANGE_LOOP_ANALYSIS = YES;
				CLANG_WARN_STRICT_PROTOTYPES = YES;
				CLANG_WARN_SUSPICIOUS_MOVE = YES;
				CLANG_WARN_UNGUARDED_AVAILABILITY = YES_AGGRESSIVE;
				CLANG_WARN_UNREACHABLE_CODE = YES;
				CLANG_WARN__DUPLICATE_METHOD_MATCH = YES;
				CODE_SIGN_IDENTITY = "iPhone Developer";
				COPY_PHASE_STRIP = NO;
				DEBUG_INFORMATION_FORMAT = "dwarf-with-dsym";
				ENABLE_NS_ASSERTIONS = NO;
				ENABLE_STRICT_OBJC_MSGSEND = YES;
				GCC_C_LANGUAGE_STANDARD = gnu11;
				GCC_NO_COMMON_BLOCKS = YES;
				GCC_WARN_64_TO_32_BIT_CONVERSION = YES;
				GCC_WARN_ABOUT_RETURN_TYPE = YES_ERROR;
				GCC_WARN_UNDECLARED_SELECTOR = YES;
				GCC_WARN_UNINITIALIZED_AUTOS = YES_AGGRESSIVE;
				GCC_WARN_UNUSED_FUNCTION = YES;
				GCC_WARN_UNUSED_VARIABLE = YES;
				IPHONEOS_DEPLOYMENT_TARGET = 11.2;
				MTL_ENABLE_DEBUG_INFO = NO;
				SDKROOT = iphoneos;
				SWIFT_OPTIMIZATION_LEVEL = "-Owholemodule";
				VALIDATE_PRODUCT = YES;
			};
			name = Release;
		};
		81B27FE8202B263000990CD1 /* Debug */ = {
			isa = XCBuildConfiguration;
			buildSettings = {
				ASSETCATALOG_COMPILER_APPICON_NAME = AppIcon;
				CODE_SIGN_STYLE = Automatic;
				DEVELOPMENT_TEAM = DE48T49R39;
				INFOPLIST_FILE = testOnGit/Info.plist;
				LD_RUNPATH_SEARCH_PATHS = "$(inherited) @executable_path/Frameworks";
				PRODUCT_BUNDLE_IDENTIFIER = com.sarahwu.testOnGit;
				PRODUCT_NAME = "$(TARGET_NAME)";
				SWIFT_VERSION = 4.0;
				TARGETED_DEVICE_FAMILY = "1,2";
			};
			name = Debug;
		};
		81B27FE9202B263000990CD1 /* Release */ = {
			isa = XCBuildConfiguration;
			buildSettings = {
				ASSETCATALOG_COMPILER_APPICON_NAME = AppIcon;
				CODE_SIGN_STYLE = Automatic;
				DEVELOPMENT_TEAM = DE48T49R39;
				INFOPLIST_FILE = testOnGit/Info.plist;
				LD_RUNPATH_SEARCH_PATHS = "$(inherited) @executable_path/Frameworks";
				PRODUCT_BUNDLE_IDENTIFIER = com.sarahwu.testOnGit;
				PRODUCT_NAME = "$(TARGET_NAME)";
				SWIFT_VERSION = 4.0;
				TARGETED_DEVICE_FAMILY = "1,2";
			};
			name = Release;
		};
/* End XCBuildConfiguration section */

/* Begin XCConfigurationList section */
		81B27FCD202B262F00990CD1 /* Build configuration list for PBXProject "testOnGit" */ = {
			isa = XCConfigurationList;
			buildConfigurations = (
				81B27FE5202B263000990CD1 /* Debug */,
				81B27FE6202B263000990CD1 /* Release */,
			);
			defaultConfigurationIsVisible = 0;
			defaultConfigurationName = Release;
		};
		81B27FE7202B263000990CD1 /* Build configuration list for PBXNativeTarget "testOnGit" */ = {
			isa = XCConfigurationList;
			buildConfigurations = (
				81B27FE8202B263000990CD1 /* Debug */,
				81B27FE9202B263000990CD1 /* Release */,
			);
			defaultConfigurationIsVisible = 0;
			defaultConfigurationName = Release;
		};
/* End XCConfigurationList section */

/* Begin XCVersionGroup section */
		81B27FDC202B262F00990CD1 /* testOnGit.xcdatamodeld */ = {
			isa = XCVersionGroup;
			children = (
				81B27FDD202B262F00990CD1 /* testOnGit.xcdatamodel */,
			);
			currentVersion = 81B27FDD202B262F00990CD1 /* testOnGit.xcdatamodel */;
			path = testOnGit.xcdatamodeld;
			sourceTree = "<group>";
			versionGroupType = wrapper.xcdatamodel;
		};
/* End XCVersionGroup section */
	};
	rootObject = 81B27FCA202B262F00990CD1 /* Project object */;
}
